
Microsoft Visual Studio Solution File, Format Version 12.00
# Visual Studio Version 17
VisualStudioVersion = 17.10.34916.146
MinimumVisualStudioVersion = 10.0.40219.1
Project("{9A19103F-16F7-4668-BE54-9A1E7A4F7556}") = "Assignment6", "Assignment6\Assignment6.csproj", "{BF2647E8-99E8-4800-B628-25A09AFF52F0}"
EndProject
Project("{9A19103F-16F7-4668-BE54-9A1E7A4F7556}") = "Assignment6BestPractice", "Assignment6BestPractice\Assignment6BestPractice.csproj", "{3A30C6F5-6023-4037-AC4D-410779D2B29D}"
EndProject
Project("{9A19103F-16F7-4668-BE54-9A1E7A4F7556}") = "Assignment7", "Assignment7\Assignment7.csproj", "{FE971B8A-A3FC-4202-80ED-DBEACA3BA830}"
EndProject
Project("{9A19103F-16F7-4668-BE54-9A1E7A4F7556}") = "Assignment7BestPractice", "Assignment7BestPractice\Assignment7BestPractice.csproj", "{AA702146-0896-4D17-BC66-603F2C38DA04}"
EndProject
Project("{FAE04EC0-301F-11D3-BF4B-00C04F79EFBC}") = "Assignments8", "Assignments8\Assignments8.csproj", "{481378C7-8CB0-4C42-BFDC-6C8263B1BC92}"
EndProject
Global
	GlobalSection(SolutionConfigurationPlatforms) = preSolution
		Debug|Any CPU = Debug|Any CPU
		Release|Any CPU = Release|Any CPU
	EndGlobalSection
	GlobalSection(ProjectConfigurationPlatforms) = postSolution
		{BF2647E8-99E8-4800-B628-25A09AFF52F0}.Debug|Any CPU.ActiveCfg = Debug|Any CPU
		{BF2647E8-99E8-4800-B628-25A09AFF52F0}.Debug|Any CPU.Build.0 = Debug|Any CPU
		{BF2647E8-99E8-4800-B628-25A09AFF52F0}.Release|Any CPU.ActiveCfg = Release|Any CPU
		{BF2647E8-99E8-4800-B628-25A09AFF52F0}.Release|Any CPU.Build.0 = Release|Any CPU
		{3A30C6F5-6023-4037-AC4D-410779D2B29D}.Debug|Any CPU.ActiveCfg = Debug|Any CPU
		{3A30C6F5-6023-4037-AC4D-410779D2B29D}.Debug|Any CPU.Build.0 = Debug|Any CPU
		{3A30C6F5-6023-4037-AC4D-410779D2B29D}.Release|Any CPU.ActiveCfg = Release|Any CPU
		{3A30C6F5-6023-4037-AC4D-410779D2B29D}.Release|Any CPU.Build.0 = Release|Any CPU
		{FE971B8A-A3FC-4202-80ED-DBEACA3BA830}.Debug|Any CPU.ActiveCfg = Debug|Any CPU
		{FE971B8A-A3FC-4202-80ED-DBEACA3BA830}.Debug|Any CPU.Build.0 = Debug|Any CPU
		{FE971B8A-A3FC-4202-80ED-DBEACA3BA830}.Release|Any CPU.ActiveCfg = Release|Any CPU
		{FE971B8A-A3FC-4202-80ED-DBEACA3BA830}.Release|Any CPU.Build.0 = Release|Any CPU
		{AA702146-0896-4D17-BC66-603F2C38DA04}.Debug|Any CPU.ActiveCfg = Debug|Any CPU
		{AA702146-0896-4D17-BC66-603F2C38DA04}.Debug|Any CPU.Build.0 = Debug|Any CPU
		{AA702146-0896-4D17-BC66-603F2C38DA04}.Release|Any CPU.ActiveCfg = Release|Any CPU
		{AA702146-0896-4D17-BC66-603F2C38DA04}.Release|Any CPU.Build.0 = Release|Any CPU
		{481378C7-8CB0-4C42-BFDC-6C8263B1BC92}.Debug|Any CPU.ActiveCfg = Debug|Any CPU
		{481378C7-8CB0-4C42-BFDC-6C8263B1BC92}.Debug|Any CPU.Build.0 = Debug|Any CPU
		{481378C7-8CB0-4C42-BFDC-6C8263B1BC92}.Release|Any CPU.ActiveCfg = Release|Any CPU
		{481378C7-8CB0-4C42-BFDC-6C8263B1BC92}.Release|Any CPU.Build.0 = Release|Any CPU
	EndGlobalSection
	GlobalSection(SolutionProperties) = preSolution
		HideSolutionNode = FALSE
	EndGlobalSection
	GlobalSection(ExtensibilityGlobals) = postSolution
		SolutionGuid = {D0044B87-F26E-4BF4-8E4B-209CDC069A66}
	EndGlobalSection
EndGlobal
